<?xml version="1.0" encoding="utf-8"?>
<Project ToolsVersion="4.0" xmlns="http://schemas.microsoft.com/developer/msbuild/2003">
  <ItemGroup>
    <Filter Include="Event">
      <UniqueIdentifier>{E70B220D-5320-4ABE-1CA2-ED1D887546EF}</UniqueIdentifier>
    </Filter>
    <Filter Include="Input">
      <UniqueIdentifier>{953A660D-014F-8EBE-CAD0-311E36A48AEF}</UniqueIdentifier>
    </Filter>
    <Filter Include="Math">
      <UniqueIdentifier>{AFF4887C-9B2B-8A0D-4418-7010302E060F}</UniqueIdentifier>
    </Filter>
  </ItemGroup>
  <ItemGroup>
    <ClInclude Include="Source\Assertions.h" />
    <ClInclude Include="Source\Camera.h" />
    <ClInclude Include="Source\CameraController.h" />
    <ClInclude Include="Source\CoreMinimal.h" />
    <ClInclude Include="Source\Event\ApplicationEventHandler.h">
      <Filter>Event</Filter>
    </ClInclude>
    <ClInclude Include="Source\Event\EventHandler.h">
      <Filter>Event</Filter>
    </ClInclude>
    <ClInclude Include="Source\Event\EventManager.h">
      <Filter>Event</Filter>
    </ClInclude>
    <ClInclude Include="Source\Event\KeyEventHandler.h">
      <Filter>Event</Filter>
    </ClInclude>
    <ClInclude Include="Source\Event\MouseEventHandler.h">
      <Filter>Event</Filter>
    </ClInclude>
    <ClInclude Include="Source\General.h" />
    <ClInclude Include="Source\Input\InputManager.h">
      <Filter>Input</Filter>
    </ClInclude>
    <ClInclude Include="Source\Math\MathUtlity.h">
      <Filter>Math</Filter>
    </ClInclude>
    <ClInclude Include="Source\Math\Vector3.h">
      <Filter>Math</Filter>
    </ClInclude>
    <ClInclude Include="Source\Math\Vector4.h">
      <Filter>Math</Filter>
    </ClInclude>
    <ClInclude Include="Source\Model.h" />
    <ClInclude Include="Source\PCH.h" />
    <ClInclude Include="Source\Renderer.h" />
    <ClInclude Include="Source\Scene.h" />
    <ClInclude Include="Source\Shader.h" />
    <ClInclude Include="Source\Window.h" />
    <ClInclude Include="Source\data.h" />
  </ItemGroup>
  <ItemGroup>
    <ClCompile Include="Source\Application.cpp" />
    <ClCompile Include="Source\Camera.cpp" />
    <ClCompile Include="Source\CameraController.cpp" />
    <ClCompile Include="Source\Event\ApplicationEventHandler.cpp">
      <Filter>Event</Filter>
    </ClCompile>
    <ClCompile Include="Source\Event\EventManager.cpp">
      <Filter>Event</Filter>
    </ClCompile>
    <ClCompile Include="Source\Event\KeyEventHandler.cpp">
      <Filter>Event</Filter>
    </ClCompile>
    <ClCompile Include="Source\Event\MouseEventHandler.cpp">
      <Filter>Event</Filter>
    </ClCompile>
    <ClCompile Include="Source\Input\InputManager.cpp">
      <Filter>Input</Filter>
    </ClCompile>
    <ClCompile Include="Source\Model.cpp" />
    <ClCompile Include="Source\Renderer.cpp" />
    <ClCompile Include="Source\Scene.cpp" />
    <ClCompile Include="Source\Shader.cpp" />
    <ClCompile Include="Source\Window.cpp" />
    <ClCompile Include="Source\code.cpp" />
  </ItemGroup>
</Project>